// !$*UTF8*$!
{
	archiveVersion = 1;
	classes = {
	};
	objectVersion = 48;
	objects = {

/* Begin PBXBuildFile section */
		0811796D1F8B654800A44D9B /* AppDelegate.swift in Sources */ = {isa = PBXBuildFile; fileRef = 0811796C1F8B654800A44D9B /* AppDelegate.swift */; };
		0811796F1F8B654800A44D9B /* MainViewController.swift in Sources */ = {isa = PBXBuildFile; fileRef = 0811796E1F8B654800A44D9B /* MainViewController.swift */; };
		081179721F8B654800A44D9B /* Main.storyboard in Resources */ = {isa = PBXBuildFile; fileRef = 081179701F8B654800A44D9B /* Main.storyboard */; };
		081179741F8B654800A44D9B /* Assets.xcassets in Resources */ = {isa = PBXBuildFile; fileRef = 081179731F8B654800A44D9B /* Assets.xcassets */; };
		081179771F8B654800A44D9B /* LaunchScreen.storyboard in Resources */ = {isa = PBXBuildFile; fileRef = 081179751F8B654800A44D9B /* LaunchScreen.storyboard */; };
		081179821F8B654800A44D9B /* NasAPPTests.swift in Sources */ = {isa = PBXBuildFile; fileRef = 081179811F8B654800A44D9B /* NasAPPTests.swift */; };
		0847E0A51F9DF5DB00B867C7 /* RoverDataSource.swift in Sources */ = {isa = PBXBuildFile; fileRef = 0847E0A41F9DF5DB00B867C7 /* RoverDataSource.swift */; };
		085175A21F8E1A30001931F0 /* RoverViewController.swift in Sources */ = {isa = PBXBuildFile; fileRef = 085175A11F8E1A30001931F0 /* RoverViewController.swift */; };
		085175A41F8E1A39001931F0 /* AsteroidsViewController.swift in Sources */ = {isa = PBXBuildFile; fileRef = 085175A31F8E1A39001931F0 /* AsteroidsViewController.swift */; };
		085175A61F8E1A45001931F0 /* EarthEyeViewController.swift in Sources */ = {isa = PBXBuildFile; fileRef = 085175A51F8E1A45001931F0 /* EarthEyeViewController.swift */; };
		086A71941FA08E6700ACDFBC /* RoverImageCollectionViewCell.swift in Sources */ = {isa = PBXBuildFile; fileRef = 086A71931FA08E6700ACDFBC /* RoverImageCollectionViewCell.swift */; };
		08B016AC1F9CCEF700E14801 /* SelectRoverImageViewController.swift in Sources */ = {isa = PBXBuildFile; fileRef = 08B016AB1F9CCEF700E14801 /* SelectRoverImageViewController.swift */; };
		08CD3B9E1F94AE0800FCB64D /* NasAPPViewController.swift in Sources */ = {isa = PBXBuildFile; fileRef = 08CD3B9D1F94AE0800FCB64D /* NasAPPViewController.swift */; };
		6D61D9E119F29C3677006760 /* Pods_NasAPPTests.framework in Frameworks */ = {isa = PBXBuildFile; fileRef = F8CD250DE2EB805314991EAA /* Pods_NasAPPTests.framework */; };
		87F83AE60E84CD9AE7A76BB1 /* Pods_NasAPP.framework in Frameworks */ = {isa = PBXBuildFile; fileRef = 8F4016CA213BC70AEA014515 /* Pods_NasAPP.framework */; };
/* End PBXBuildFile section */

/* Begin PBXContainerItemProxy section */
		0811797E1F8B654800A44D9B /* PBXContainerItemProxy */ = {
			isa = PBXContainerItemProxy;
			containerPortal = 081179611F8B654800A44D9B /* Project object */;
			proxyType = 1;
			remoteGlobalIDString = 081179681F8B654800A44D9B;
			remoteInfo = NasAPP;
		};
/* End PBXContainerItemProxy section */

/* Begin PBXFileReference section */
		081179691F8B654800A44D9B /* NasAPP.app */ = {isa = PBXFileReference; explicitFileType = wrapper.application; includeInIndex = 0; path = NasAPP.app; sourceTree = BUILT_PRODUCTS_DIR; };
		0811796C1F8B654800A44D9B /* AppDelegate.swift */ = {isa = PBXFileReference; lastKnownFileType = sourcecode.swift; path = AppDelegate.swift; sourceTree = "<group>"; };
		0811796E1F8B654800A44D9B /* MainViewController.swift */ = {isa = PBXFileReference; lastKnownFileType = sourcecode.swift; path = MainViewController.swift; sourceTree = "<group>"; };
		081179711F8B654800A44D9B /* Base */ = {isa = PBXFileReference; lastKnownFileType = file.storyboard; name = Base; path = Base.lproj/Main.storyboard; sourceTree = "<group>"; };
		081179731F8B654800A44D9B /* Assets.xcassets */ = {isa = PBXFileReference; lastKnownFileType = folder.assetcatalog; path = Assets.xcassets; sourceTree = "<group>"; };
		081179761F8B654800A44D9B /* Base */ = {isa = PBXFileReference; lastKnownFileType = file.storyboard; name = Base; path = Base.lproj/LaunchScreen.storyboard; sourceTree = "<group>"; };
		0811797D1F8B654800A44D9B /* NasAPPTests.xctest */ = {isa = PBXFileReference; explicitFileType = wrapper.cfbundle; includeInIndex = 0; path = NasAPPTests.xctest; sourceTree = BUILT_PRODUCTS_DIR; };
		081179811F8B654800A44D9B /* NasAPPTests.swift */ = {isa = PBXFileReference; lastKnownFileType = sourcecode.swift; path = NasAPPTests.swift; sourceTree = "<group>"; };
		081179831F8B654800A44D9B /* Info.plist */ = {isa = PBXFileReference; lastKnownFileType = text.plist.xml; path = Info.plist; sourceTree = "<group>"; };
		0847E0A41F9DF5DB00B867C7 /* RoverDataSource.swift */ = {isa = PBXFileReference; lastKnownFileType = sourcecode.swift; path = RoverDataSource.swift; sourceTree = "<group>"; };
		085175A11F8E1A30001931F0 /* RoverViewController.swift */ = {isa = PBXFileReference; lastKnownFileType = sourcecode.swift; path = RoverViewController.swift; sourceTree = "<group>"; };
		085175A31F8E1A39001931F0 /* AsteroidsViewController.swift */ = {isa = PBXFileReference; lastKnownFileType = sourcecode.swift; path = AsteroidsViewController.swift; sourceTree = "<group>"; };
		085175A51F8E1A45001931F0 /* EarthEyeViewController.swift */ = {isa = PBXFileReference; lastKnownFileType = sourcecode.swift; path = EarthEyeViewController.swift; sourceTree = "<group>"; };
		086A71931FA08E6700ACDFBC /* RoverImageCollectionViewCell.swift */ = {isa = PBXFileReference; lastKnownFileType = sourcecode.swift; path = RoverImageCollectionViewCell.swift; sourceTree = "<group>"; };
		088CC5CD1F8E13C200F601A7 /* Info.plist */ = {isa = PBXFileReference; lastKnownFileType = text.plist.xml; name = Info.plist; path = NasAPP/Info.plist; sourceTree = SOURCE_ROOT; };
		08B016AB1F9CCEF700E14801 /* SelectRoverImageViewController.swift */ = {isa = PBXFileReference; lastKnownFileType = sourcecode.swift; path = SelectRoverImageViewController.swift; sourceTree = "<group>"; };
		08CD3B9D1F94AE0800FCB64D /* NasAPPViewController.swift */ = {isa = PBXFileReference; lastKnownFileType = sourcecode.swift; path = NasAPPViewController.swift; sourceTree = "<group>"; };
		0F497A9DA79154FAA925377A /* Pods-NasAPP.debug.xcconfig */ = {isa = PBXFileReference; includeInIndex = 1; lastKnownFileType = text.xcconfig; name = "Pods-NasAPP.debug.xcconfig"; path = "Pods/Target Support Files/Pods-NasAPP/Pods-NasAPP.debug.xcconfig"; sourceTree = "<group>"; };
		336A9BCB6CAFB287E74EBE88 /* Pods-NasAPPTests.debug.xcconfig */ = {isa = PBXFileReference; includeInIndex = 1; lastKnownFileType = text.xcconfig; name = "Pods-NasAPPTests.debug.xcconfig"; path = "Pods/Target Support Files/Pods-NasAPPTests/Pods-NasAPPTests.debug.xcconfig"; sourceTree = "<group>"; };
		8F4016CA213BC70AEA014515 /* Pods_NasAPP.framework */ = {isa = PBXFileReference; explicitFileType = wrapper.framework; includeInIndex = 0; path = Pods_NasAPP.framework; sourceTree = BUILT_PRODUCTS_DIR; };
		BD8997B4960A7939A8528284 /* Pods-NasAPP.release.xcconfig */ = {isa = PBXFileReference; includeInIndex = 1; lastKnownFileType = text.xcconfig; name = "Pods-NasAPP.release.xcconfig"; path = "Pods/Target Support Files/Pods-NasAPP/Pods-NasAPP.release.xcconfig"; sourceTree = "<group>"; };
		E8E6462ACFE1E579F95D3D89 /* Pods-NasAPPTests.release.xcconfig */ = {isa = PBXFileReference; includeInIndex = 1; lastKnownFileType = text.xcconfig; name = "Pods-NasAPPTests.release.xcconfig"; path = "Pods/Target Support Files/Pods-NasAPPTests/Pods-NasAPPTests.release.xcconfig"; sourceTree = "<group>"; };
		F8CD250DE2EB805314991EAA /* Pods_NasAPPTests.framework */ = {isa = PBXFileReference; explicitFileType = wrapper.framework; includeInIndex = 0; path = Pods_NasAPPTests.framework; sourceTree = BUILT_PRODUCTS_DIR; };
/* End PBXFileReference section */

/* Begin PBXFrameworksBuildPhase section */
		081179661F8B654800A44D9B /* Frameworks */ = {
			isa = PBXFrameworksBuildPhase;
			buildActionMask = 2147483647;
			files = (
				87F83AE60E84CD9AE7A76BB1 /* Pods_NasAPP.framework in Frameworks */,
			);
			runOnlyForDeploymentPostprocessing = 0;
		};
		0811797A1F8B654800A44D9B /* Frameworks */ = {
			isa = PBXFrameworksBuildPhase;
			buildActionMask = 2147483647;
			files = (
				6D61D9E119F29C3677006760 /* Pods_NasAPPTests.framework in Frameworks */,
			);
			runOnlyForDeploymentPostprocessing = 0;
		};
/* End PBXFrameworksBuildPhase section */

/* Begin PBXGroup section */
		081179601F8B654800A44D9B = {
			isa = PBXGroup;
			children = (
				0811796B1F8B654800A44D9B /* NasAPP */,
				081179801F8B654800A44D9B /* NasAPPTests */,
				0811796A1F8B654800A44D9B /* Products */,
				96503637C7F0AF17DA3DFF6A /* Pods */,
				6824DCBC9EE20E1B252C16DD /* Frameworks */,
			);
			sourceTree = "<group>";
		};
		0811796A1F8B654800A44D9B /* Products */ = {
			isa = PBXGroup;
			children = (
				081179691F8B654800A44D9B /* NasAPP.app */,
				0811797D1F8B654800A44D9B /* NasAPPTests.xctest */,
			);
			name = Products;
			sourceTree = "<group>";
		};
		0811796B1F8B654800A44D9B /* NasAPP */ = {
			isa = PBXGroup;
			children = (
				088CC5C91F8E123C00F601A7 /* Model */,
				088CC5CA1F8E124600F601A7 /* View */,
				088CC5CB1F8E124900F601A7 /* Controller */,
				088CC5CC1F8E126400F601A7 /* Helpers */,
			);
			path = NasAPP;
			sourceTree = "<group>";
		};
		081179801F8B654800A44D9B /* NasAPPTests */ = {
			isa = PBXGroup;
			children = (
				081179811F8B654800A44D9B /* NasAPPTests.swift */,
				081179831F8B654800A44D9B /* Info.plist */,
			);
			path = NasAPPTests;
			sourceTree = "<group>";
		};
		088CC5C91F8E123C00F601A7 /* Model */ = {
			isa = PBXGroup;
			children = (
				0847E0A41F9DF5DB00B867C7 /* RoverDataSource.swift */,
			);
			path = Model;
			sourceTree = "<group>";
		};
		088CC5CA1F8E124600F601A7 /* View */ = {
			isa = PBXGroup;
			children = (
				081179751F8B654800A44D9B /* LaunchScreen.storyboard */,
				081179701F8B654800A44D9B /* Main.storyboard */,
				086A71931FA08E6700ACDFBC /* RoverImageCollectionViewCell.swift */,
			);
			path = View;
			sourceTree = "<group>";
		};
		088CC5CB1F8E124900F601A7 /* Controller */ = {
			isa = PBXGroup;
			children = (
				0811796E1F8B654800A44D9B /* MainViewController.swift */,
				085175A11F8E1A30001931F0 /* RoverViewController.swift */,
				08B016AB1F9CCEF700E14801 /* SelectRoverImageViewController.swift */,
				085175A31F8E1A39001931F0 /* AsteroidsViewController.swift */,
				085175A51F8E1A45001931F0 /* EarthEyeViewController.swift */,
				08CD3B9D1F94AE0800FCB64D /* NasAPPViewController.swift */,
			);
			path = Controller;
			sourceTree = "<group>";
		};
		088CC5CC1F8E126400F601A7 /* Helpers */ = {
			isa = PBXGroup;
			children = (
				0811796C1F8B654800A44D9B /* AppDelegate.swift */,
				088CC5CD1F8E13C200F601A7 /* Info.plist */,
				081179731F8B654800A44D9B /* Assets.xcassets */,
			);
			path = Helpers;
			sourceTree = "<group>";
		};
		6824DCBC9EE20E1B252C16DD /* Frameworks */ = {
			isa = PBXGroup;
			children = (
				8F4016CA213BC70AEA014515 /* Pods_NasAPP.framework */,
				F8CD250DE2EB805314991EAA /* Pods_NasAPPTests.framework */,
			);
			name = Frameworks;
			sourceTree = "<group>";
		};
		96503637C7F0AF17DA3DFF6A /* Pods */ = {
			isa = PBXGroup;
			children = (
				0F497A9DA79154FAA925377A /* Pods-NasAPP.debug.xcconfig */,
				BD8997B4960A7939A8528284 /* Pods-NasAPP.release.xcconfig */,
				336A9BCB6CAFB287E74EBE88 /* Pods-NasAPPTests.debug.xcconfig */,
				E8E6462ACFE1E579F95D3D89 /* Pods-NasAPPTests.release.xcconfig */,
			);
			name = Pods;
			sourceTree = "<group>";
		};
/* End PBXGroup section */

/* Begin PBXNativeTarget section */
		081179681F8B654800A44D9B /* NasAPP */ = {
			isa = PBXNativeTarget;
			buildConfigurationList = 081179861F8B654800A44D9B /* Build configuration list for PBXNativeTarget "NasAPP" */;
			buildPhases = (
				29F26818898C394D581B9B8B /* [CP] Check Pods Manifest.lock */,
				081179651F8B654800A44D9B /* Sources */,
				081179661F8B654800A44D9B /* Frameworks */,
				081179671F8B654800A44D9B /* Resources */,
				F033B46E065D779871F402DF /* [CP] Embed Pods Frameworks */,
				515108342F35299CC84E0EB9 /* [CP] Copy Pods Resources */,
			);
			buildRules = (
			);
			dependencies = (
			);
			name = NasAPP;
			productName = NasAPP;
			productReference = 081179691F8B654800A44D9B /* NasAPP.app */;
			productType = "com.apple.product-type.application";
		};
		0811797C1F8B654800A44D9B /* NasAPPTests */ = {
			isa = PBXNativeTarget;
			buildConfigurationList = 081179891F8B654800A44D9B /* Build configuration list for PBXNativeTarget "NasAPPTests" */;
			buildPhases = (
				0787B6E36BE4B11F1F183A3A /* [CP] Check Pods Manifest.lock */,
				081179791F8B654800A44D9B /* Sources */,
				0811797A1F8B654800A44D9B /* Frameworks */,
				0811797B1F8B654800A44D9B /* Resources */,
				2237393D4ADE2B8B7EE604C6 /* [CP] Embed Pods Frameworks */,
				23174B36ADA034CE08A741A9 /* [CP] Copy Pods Resources */,
			);
			buildRules = (
			);
			dependencies = (
				0811797F1F8B654800A44D9B /* PBXTargetDependency */,
			);
			name = NasAPPTests;
			productName = NasAPPTests;
			productReference = 0811797D1F8B654800A44D9B /* NasAPPTests.xctest */;
			productType = "com.apple.product-type.bundle.unit-test";
		};
/* End PBXNativeTarget section */

/* Begin PBXProject section */
		081179611F8B654800A44D9B /* Project object */ = {
			isa = PBXProject;
			attributes = {
				LastSwiftUpdateCheck = 0900;
				LastUpgradeCheck = 0900;
				ORGANIZATIONNAME = JarICT;
				TargetAttributes = {
					081179681F8B654800A44D9B = {
						CreatedOnToolsVersion = 9.0;
						ProvisioningStyle = Automatic;
					};
					0811797C1F8B654800A44D9B = {
						CreatedOnToolsVersion = 9.0;
						ProvisioningStyle = Automatic;
						TestTargetID = 081179681F8B654800A44D9B;
					};
				};
			};
			buildConfigurationList = 081179641F8B654800A44D9B /* Build configuration list for PBXProject "NasAPP" */;
			compatibilityVersion = "Xcode 8.0";
			developmentRegion = en;
			hasScannedForEncodings = 0;
			knownRegions = (
				en,
				Base,
			);
			mainGroup = 081179601F8B654800A44D9B;
			productRefGroup = 0811796A1F8B654800A44D9B /* Products */;
			projectDirPath = "";
			projectRoot = "";
			targets = (
				081179681F8B654800A44D9B /* NasAPP */,
				0811797C1F8B654800A44D9B /* NasAPPTests */,
			);
		};
/* End PBXProject section */

/* Begin PBXResourcesBuildPhase section */
		081179671F8B654800A44D9B /* Resources */ = {
			isa = PBXResourcesBuildPhase;
			buildActionMask = 2147483647;
			files = (
				081179771F8B654800A44D9B /* LaunchScreen.storyboard in Resources */,
				081179741F8B654800A44D9B /* Assets.xcassets in Resources */,
				081179721F8B654800A44D9B /* Main.storyboard in Resources */,
			);
			runOnlyForDeploymentPostprocessing = 0;
		};
		0811797B1F8B654800A44D9B /* Resources */ = {
			isa = PBXResourcesBuildPhase;
			buildActionMask = 2147483647;
			files = (
			);
			runOnlyForDeploymentPostprocessing = 0;
		};
/* End PBXResourcesBuildPhase section */

/* Begin PBXShellScriptBuildPhase section */
		0787B6E36BE4B11F1F183A3A /* [CP] Check Pods Manifest.lock */ = {
			isa = PBXShellScriptBuildPhase;
			buildActionMask = 2147483647;
			files = (
			);
			inputPaths = (
				"${PODS_PODFILE_DIR_PATH}/Podfile.lock",
				"${PODS_ROOT}/Manifest.lock",
			);
			name = "[CP] Check Pods Manifest.lock";
			outputPaths = (
				"$(DERIVED_FILE_DIR)/Pods-NasAPPTests-checkManifestLockResult.txt",
			);
			runOnlyForDeploymentPostprocessing = 0;
			shellPath = /bin/sh;
			shellScript = "diff \"${PODS_PODFILE_DIR_PATH}/Podfile.lock\" \"${PODS_ROOT}/Manifest.lock\" > /dev/null\nif [ $? != 0 ] ; then\n    # print error to STDERR\n    echo \"error: The sandbox is not in sync with the Podfile.lock. Run 'pod install' or update your CocoaPods installation.\" >&2\n    exit 1\nfi\n# This output is used by Xcode 'outputs' to avoid re-running this script phase.\necho \"SUCCESS\" > \"${SCRIPT_OUTPUT_FILE_0}\"\n";
			showEnvVarsInLog = 0;
		};
		2237393D4ADE2B8B7EE604C6 /* [CP] Embed Pods Frameworks */ = {
			isa = PBXShellScriptBuildPhase;
			buildActionMask = 2147483647;
			files = (
			);
			inputPaths = (
			);
			name = "[CP] Embed Pods Frameworks";
			outputPaths = (
			);
			runOnlyForDeploymentPostprocessing = 0;
			shellPath = /bin/sh;
			shellScript = "\"${SRCROOT}/Pods/Target Support Files/Pods-NasAPPTests/Pods-NasAPPTests-frameworks.sh\"\n";
			showEnvVarsInLog = 0;
		};
		23174B36ADA034CE08A741A9 /* [CP] Copy Pods Resources */ = {
			isa = PBXShellScriptBuildPhase;
			buildActionMask = 2147483647;
			files = (
			);
			inputPaths = (
			);
			name = "[CP] Copy Pods Resources";
			outputPaths = (
			);
			runOnlyForDeploymentPostprocessing = 0;
			shellPath = /bin/sh;
			shellScript = "\"${SRCROOT}/Pods/Target Support Files/Pods-NasAPPTests/Pods-NasAPPTests-resources.sh\"\n";
			showEnvVarsInLog = 0;
		};
		29F26818898C394D581B9B8B /* [CP] Check Pods Manifest.lock */ = {
			isa = PBXShellScriptBuildPhase;
			buildActionMask = 2147483647;
			files = (
			);
			inputPaths = (
				"${PODS_PODFILE_DIR_PATH}/Podfile.lock",
				"${PODS_ROOT}/Manifest.lock",
			);
			name = "[CP] Check Pods Manifest.lock";
			outputPaths = (
				"$(DERIVED_FILE_DIR)/Pods-NasAPP-checkManifestLockResult.txt",
			);
			runOnlyForDeploymentPostprocessing = 0;
			shellPath = /bin/sh;
			shellScript = "diff \"${PODS_PODFILE_DIR_PATH}/Podfile.lock\" \"${PODS_ROOT}/Manifest.lock\" > /dev/null\nif [ $? != 0 ] ; then\n    # print error to STDERR\n    echo \"error: The sandbox is not in sync with the Podfile.lock. Run 'pod install' or update your CocoaPods installation.\" >&2\n    exit 1\nfi\n# This output is used by Xcode 'outputs' to avoid re-running this script phase.\necho \"SUCCESS\" > \"${SCRIPT_OUTPUT_FILE_0}\"\n";
			showEnvVarsInLog = 0;
		};
		515108342F35299CC84E0EB9 /* [CP] Copy Pods Resources */ = {
			isa = PBXShellScriptBuildPhase;
			buildActionMask = 2147483647;
			files = (
			);
			inputPaths = (
			);
			name = "[CP] Copy Pods Resources";
			outputPaths = (
			);
			runOnlyForDeploymentPostprocessing = 0;
			shellPath = /bin/sh;
			shellScript = "\"${SRCROOT}/Pods/Target Support Files/Pods-NasAPP/Pods-NasAPP-resources.sh\"\n";
			showEnvVarsInLog = 0;
		};
		F033B46E065D779871F402DF /* [CP] Embed Pods Frameworks */ = {
			isa = PBXShellScriptBuildPhase;
			buildActionMask = 2147483647;
			files = (
			);
			inputPaths = (
				"${SRCROOT}/Pods/Target Support Files/Pods-NasAPP/Pods-NasAPP-frameworks.sh",
				"${BUILT_PRODUCTS_DIR}/Alamofire/Alamofire.framework",
				"${BUILT_PRODUCTS_DIR}/AlamofireImage/AlamofireImage.framework",
				"${BUILT_PRODUCTS_DIR}/NasAPI/NasAPI.framework",
				"${BUILT_PRODUCTS_DIR}/SwiftyJSON/SwiftyJSON.framework",
			);
			name = "[CP] Embed Pods Frameworks";
			outputPaths = (
				"${TARGET_BUILD_DIR}/${FRAMEWORKS_FOLDER_PATH}/Alamofire.framework",
				"${TARGET_BUILD_DIR}/${FRAMEWORKS_FOLDER_PATH}/AlamofireImage.framework",
				"${TARGET_BUILD_DIR}/${FRAMEWORKS_FOLDER_PATH}/NasAPI.framework",
				"${TARGET_BUILD_DIR}/${FRAMEWORKS_FOLDER_PATH}/SwiftyJSON.framework",
			);
			runOnlyForDeploymentPostprocessing = 0;
			shellPath = /bin/sh;
			shellScript = "\"${SRCROOT}/Pods/Target Support Files/Pods-NasAPP/Pods-NasAPP-frameworks.sh\"\n";
			showEnvVarsInLog = 0;
		};
/* End PBXShellScriptBuildPhase section */

/* Begin PBXSourcesBuildPhase section */
		081179651F8B654800A44D9B /* Sources */ = {
			isa = PBXSourcesBuildPhase;
			buildActionMask = 2147483647;
			files = (
				0811796F1F8B654800A44D9B /* MainViewController.swift in Sources */,
				0847E0A51F9DF5DB00B867C7 /* RoverDataSource.swift in Sources */,
				086A71941FA08E6700ACDFBC /* RoverImageCollectionViewCell.swift in Sources */,
				085175A61F8E1A45001931F0 /* EarthEyeViewController.swift in Sources */,
				085175A41F8E1A39001931F0 /* AsteroidsViewController.swift in Sources */,
				08B016AC1F9CCEF700E14801 /* SelectRoverImageViewController.swift in Sources */,
				08CD3B9E1F94AE0800FCB64D /* NasAPPViewController.swift in Sources */,
				085175A21F8E1A30001931F0 /* RoverViewController.swift in Sources */,
				0811796D1F8B654800A44D9B /* AppDelegate.swift in Sources */,
			);
			runOnlyForDeploymentPostprocessing = 0;
		};
		081179791F8B654800A44D9B /* Sources */ = {
			isa = PBXSourcesBuildPhase;
			buildActionMask = 2147483647;
			files = (
				081179821F8B654800A44D9B /* NasAPPTests.swift in Sources */,
			);
			runOnlyForDeploymentPostprocessing = 0;
		};
/* End PBXSourcesBuildPhase section */

/* Begin PBXTargetDependency section */
		0811797F1F8B654800A44D9B /* PBXTargetDependency */ = {
			isa = PBXTargetDependency;
			target = 081179681F8B654800A44D9B /* NasAPP */;
			targetProxy = 0811797E1F8B654800A44D9B /* PBXContainerItemProxy */;
		};
/* End PBXTargetDependency section */

/* Begin PBXVariantGroup section */
		081179701F8B654800A44D9B /* Main.storyboard */ = {
			isa = PBXVariantGroup;
			children = (
				081179711F8B654800A44D9B /* Base */,
			);
			name = Main.storyboard;
			sourceTree = "<group>";
		};
		081179751F8B654800A44D9B /* LaunchScreen.storyboard */ = {
			isa = PBXVariantGroup;
			children = (
				081179761F8B654800A44D9B /* Base */,
			);
			name = LaunchScreen.storyboard;
			sourceTree = "<group>";
		};
/* End PBXVariantGroup section */

/* Begin XCBuildConfiguration section */
		081179841F8B654800A44D9B /* Debug */ = {
			isa = XCBuildConfiguration;
			buildSettings = {
				ALWAYS_SEARCH_USER_PATHS = NO;
				CLANG_ANALYZER_NONNULL = YES;
				CLANG_ANALYZER_NUMBER_OBJECT_CONVERSION = YES_AGGRESSIVE;
				CLANG_CXX_LANGUAGE_STANDARD = "gnu++14";
				CLANG_CXX_LIBRARY = "libc++";
				CLANG_ENABLE_MODULES = YES;
				CLANG_ENABLE_OBJC_ARC = YES;
				CLANG_WARN_BLOCK_CAPTURE_AUTORELEASING = YES;
				CLANG_WARN_BOOL_CONVERSION = YES;
				CLANG_WARN_COMMA = YES;
				CLANG_WARN_CONSTANT_CONVERSION = YES;
				CLANG_WARN_DIRECT_OBJC_ISA_USAGE = YES_ERROR;
				CLANG_WARN_DOCUMENTATION_COMMENTS = YES;
				CLANG_WARN_EMPTY_BODY = YES;
				CLANG_WARN_ENUM_CONVERSION = YES;
				CLANG_WARN_INFINITE_RECURSION = YES;
				CLANG_WARN_INT_CONVERSION = YES;
				CLANG_WARN_NON_LITERAL_NULL_CONVERSION = YES;
				CLANG_WARN_OBJC_LITERAL_CONVERSION = YES;
				CLANG_WARN_OBJC_ROOT_CLASS = YES_ERROR;
				CLANG_WARN_RANGE_LOOP_ANALYSIS = YES;
				CLANG_WARN_STRICT_PROTOTYPES = YES;
				CLANG_WARN_SUSPICIOUS_MOVE = YES;
				CLANG_WARN_UNGUARDED_AVAILABILITY = YES_AGGRESSIVE;
				CLANG_WARN_UNREACHABLE_CODE = YES;
				CLANG_WARN__DUPLICATE_METHOD_MATCH = YES;
				CODE_SIGN_IDENTITY = "iPhone Developer";
				COPY_PHASE_STRIP = NO;
				DEBUG_INFORMATION_FORMAT = dwarf;
				ENABLE_STRICT_OBJC_MSGSEND = YES;
				ENABLE_TESTABILITY = YES;
				GCC_C_LANGUAGE_STANDARD = gnu11;
				GCC_DYNAMIC_NO_PIC = NO;
				GCC_NO_COMMON_BLOCKS = YES;
				GCC_OPTIMIZATION_LEVEL = 0;
				GCC_PREPROCESSOR_DEFINITIONS = (
					"DEBUG=1",
					"$(inherited)",
				);
				GCC_WARN_64_TO_32_BIT_CONVERSION = YES;
				GCC_WARN_ABOUT_RETURN_TYPE = YES_ERROR;
				GCC_WARN_UNDECLARED_SELECTOR = YES;
				GCC_WARN_UNINITIALIZED_AUTOS = YES_AGGRESSIVE;
				GCC_WARN_UNUSED_FUNCTION = YES;
				GCC_WARN_UNUSED_VARIABLE = YES;
				IPHONEOS_DEPLOYMENT_TARGET = 11.0;
				MTL_ENABLE_DEBUG_INFO = YES;
				ONLY_ACTIVE_ARCH = YES;
				SDKROOT = iphoneos;
				SWIFT_ACTIVE_COMPILATION_CONDITIONS = DEBUG;
				SWIFT_OPTIMIZATION_LEVEL = "-Onone";
			};
			name = Debug;
		};
		081179851F8B654800A44D9B /* Release */ = {
			isa = XCBuildConfiguration;
			buildSettings = {
				ALWAYS_SEARCH_USER_PATHS = NO;
				CLANG_ANALYZER_NONNULL = YES;
				CLANG_ANALYZER_NUMBER_OBJECT_CONVERSION = YES_AGGRESSIVE;
				CLANG_CXX_LANGUAGE_STANDARD = "gnu++14";
				CLANG_CXX_LIBRARY = "libc++";
				CLANG_ENABLE_MODULES = YES;
				CLANG_ENABLE_OBJC_ARC = YES;
				CLANG_WARN_BLOCK_CAPTURE_AUTORELEASING = YES;
				CLANG_WARN_BOOL_CONVERSION = YES;
				CLANG_WARN_COMMA = YES;
				CLANG_WARN_CONSTANT_CONVERSION = YES;
				CLANG_WARN_DIRECT_OBJC_ISA_USAGE = YES_ERROR;
				CLANG_WARN_DOCUMENTATION_COMMENTS = YES;
				CLANG_WARN_EMPTY_BODY = YES;
				CLANG_WARN_ENUM_CONVERSION = YES;
				CLANG_WARN_INFINITE_RECURSION = YES;
				CLANG_WARN_INT_CONVERSION = YES;
				CLANG_WARN_NON_LITERAL_NULL_CONVERSION = YES;
				CLANG_WARN_OBJC_LITERAL_CONVERSION = YES;
				CLANG_WARN_OBJC_ROOT_CLASS = YES_ERROR;
				CLANG_WARN_RANGE_LOOP_ANALYSIS = YES;
				CLANG_WARN_STRICT_PROTOTYPES = YES;
				CLANG_WARN_SUSPICIOUS_MOVE = YES;
				CLANG_WARN_UNGUARDED_AVAILABILITY = YES_AGGRESSIVE;
				CLANG_WARN_UNREACHABLE_CODE = YES;
				CLANG_WARN__DUPLICATE_METHOD_MATCH = YES;
				CODE_SIGN_IDENTITY = "iPhone Developer";
				COPY_PHASE_STRIP = NO;
				DEBUG_INFORMATION_FORMAT = "dwarf-with-dsym";
				ENABLE_NS_ASSERTIONS = NO;
				ENABLE_STRICT_OBJC_MSGSEND = YES;
				GCC_C_LANGUAGE_STANDARD = gnu11;
				GCC_NO_COMMON_BLOCKS = YES;
				GCC_WARN_64_TO_32_BIT_CONVERSION = YES;
				GCC_WARN_ABOUT_RETURN_TYPE = YES_ERROR;
				GCC_WARN_UNDECLARED_SELECTOR = YES;
				GCC_WARN_UNINITIALIZED_AUTOS = YES_AGGRESSIVE;
				GCC_WARN_UNUSED_FUNCTION = YES;
				GCC_WARN_UNUSED_VARIABLE = YES;
				IPHONEOS_DEPLOYMENT_TARGET = 11.0;
				MTL_ENABLE_DEBUG_INFO = NO;
				SDKROOT = iphoneos;
				SWIFT_OPTIMIZATION_LEVEL = "-Owholemodule";
				VALIDATE_PRODUCT = YES;
			};
			name = Release;
		};
		081179871F8B654800A44D9B /* Debug */ = {
			isa = XCBuildConfiguration;
			baseConfigurationReference = 0F497A9DA79154FAA925377A /* Pods-NasAPP.debug.xcconfig */;
			buildSettings = {
				ASSETCATALOG_COMPILER_APPICON_NAME = AppIcon;
				CODE_SIGN_STYLE = Automatic;
				DEVELOPMENT_TEAM = CH45DPWU9R;
				INFOPLIST_FILE = NasAPP/Info.plist;
				LD_RUNPATH_SEARCH_PATHS = "$(inherited) @executable_path/Frameworks";
				PRODUCT_BUNDLE_IDENTIFIER = nl.jarict.NasAPP;
				PRODUCT_NAME = "$(TARGET_NAME)";
				SWIFT_VERSION = 4.0;
				TARGETED_DEVICE_FAMILY = 2;
			};
			name = Debug;
		};
		081179881F8B654800A44D9B /* Release */ = {
			isa = XCBuildConfiguration;
			baseConfigurationReference = BD8997B4960A7939A8528284 /* Pods-NasAPP.release.xcconfig */;
			buildSettings = {
				ASSETCATALOG_COMPILER_APPICON_NAME = AppIcon;
				CODE_SIGN_STYLE = Automatic;
				DEVELOPMENT_TEAM = CH45DPWU9R;
				INFOPLIST_FILE = NasAPP/Info.plist;
				LD_RUNPATH_SEARCH_PATHS = "$(inherited) @executable_path/Frameworks";
				PRODUCT_BUNDLE_IDENTIFIER = nl.jarict.NasAPP;
				PRODUCT_NAME = "$(TARGET_NAME)";
				SWIFT_VERSION = 4.0;
				TARGETED_DEVICE_FAMILY = 2;
			};
			name = Release;
		};
		0811798A1F8B654800A44D9B /* Debug */ = {
			isa = XCBuildConfiguration;
			baseConfigurationReference = 336A9BCB6CAFB287E74EBE88 /* Pods-NasAPPTests.debug.xcconfig */;
			buildSettings = {
				ALWAYS_EMBED_SWIFT_STANDARD_LIBRARIES = YES;
				BUNDLE_LOADER = "$(TEST_HOST)";
				CODE_SIGN_STYLE = Automatic;
				DEVELOPMENT_TEAM = CH45DPWU9R;
				INFOPLIST_FILE = NasAPPTests/Info.plist;
				LD_RUNPATH_SEARCH_PATHS = "$(inherited) @executable_path/Frameworks @loader_path/Frameworks";
				PRODUCT_BUNDLE_IDENTIFIER = nl.jarict.NasAPPTests;
				PRODUCT_NAME = "$(TARGET_NAME)";
				SWIFT_VERSION = 4.0;
				TARGETED_DEVICE_FAMILY = "1,2";
				TEST_HOST = "$(BUILT_PRODUCTS_DIR)/NasAPP.app/NasAPP";
			};
			name = Debug;
		};
		0811798B1F8B654800A44D9B /* Release */ = {
			isa = XCBuildConfiguration;
			baseConfigurationReference = E8E6462ACFE1E579F95D3D89 /* Pods-NasAPPTests.release.xcconfig */;
			buildSettings = {
				ALWAYS_EMBED_SWIFT_STANDARD_LIBRARIES = YES;
				BUNDLE_LOADER = "$(TEST_HOST)";
				CODE_SIGN_STYLE = Automatic;
				DEVELOPMENT_TEAM = CH45DPWU9R;
				INFOPLIST_FILE = NasAPPTests/Info.plist;
				LD_RUNPATH_SEARCH_PATHS = "$(inherited) @executable_path/Frameworks @loader_path/Frameworks";
				PRODUCT_BUNDLE_IDENTIFIER = nl.jarict.NasAPPTests;
				PRODUCT_NAME = "$(TARGET_NAME)";
				SWIFT_VERSION = 4.0;
				TARGETED_DEVICE_FAMILY = "1,2";
				TEST_HOST = "$(BUILT_PRODUCTS_DIR)/NasAPP.app/NasAPP";
			};
			name = Release;
		};
/* End XCBuildConfiguration section */

/* Begin XCConfigurationList section */
		081179641F8B654800A44D9B /* Build configuration list for PBXProject "NasAPP" */ = {
			isa = XCConfigurationList;
			buildConfigurations = (
				081179841F8B654800A44D9B /* Debug */,
				081179851F8B654800A44D9B /* Release */,
			);
			defaultConfigurationIsVisible = 0;
			defaultConfigurationName = Release;
		};
		081179861F8B654800A44D9B /* Build configuration list for PBXNativeTarget "NasAPP" */ = {
			isa = XCConfigurationList;
			buildConfigurations = (
				081179871F8B654800A44D9B /* Debug */,
				081179881F8B654800A44D9B /* Release */,
			);
			defaultConfigurationIsVisible = 0;
			defaultConfigurationName = Release;
		};
		081179891F8B654800A44D9B /* Build configuration list for PBXNativeTarget "NasAPPTests" */ = {
			isa = XCConfigurationList;
			buildConfigurations = (
				0811798A1F8B654800A44D9B /* Debug */,
				0811798B1F8B654800A44D9B /* Release */,
			);
			defaultConfigurationIsVisible = 0;
			defaultConfigurationName = Release;
		};
/* End XCConfigurationList section */
	};
	rootObject = 081179611F8B654800A44D9B /* Project object */;
}
